
Microsoft Visual Studio Solution File, Format Version 12.00
# Visual Studio Version 17
VisualStudioVersion = 17.7.34202.233
MinimumVisualStudioVersion = 10.0.40219.1
Project("{FAE04EC0-301F-11D3-BF4B-00C04F79EFBC}") = "MoviesWebAPi", "MoviesWebAPi.csproj", "{C12B4C49-30BC-4328-A311-88AC96BB92FB}"
EndProject
Global
	GlobalSection(SolutionConfigurationPlatforms) = preSolution
		Debug|Any CPU = Debug|Any CPU
		Release|Any CPU = Release|Any CPU
	EndGlobalSection
	GlobalSection(ProjectConfigurationPlatforms) = postSolution
		{C12B4C49-30BC-4328-A311-88AC96BB92FB}.Debug|Any CPU.ActiveCfg = Debug|Any CPU
		{C12B4C49-30BC-4328-A311-88AC96BB92FB}.Debug|Any CPU.Build.0 = Debug|Any CPU
		{C12B4C49-30BC-4328-A311-88AC96BB92FB}.Release|Any CPU.ActiveCfg = Release|Any CPU
		{C12B4C49-30BC-4328-A311-88AC96BB92FB}.Release|Any CPU.Build.0 = Release|Any CPU
	EndGlobalSection
	GlobalSection(SolutionProperties) = preSolution
		HideSolutionNode = FALSE
	EndGlobalSection
	GlobalSection(ExtensibilityGlobals) = postSolution
		SolutionGuid = {8159421D-C235-47A9-AFEC-6F4C6869DC81}
	EndGlobalSection
EndGlobal
